Microsoft Visual Studio Solution File, Format Version 12.00
# Visual Studio Version 17
VisualStudioVersion = 17.5.2.0
MinimumVisualStudioVersion = 10.0.40219.1
Project("{2150E333-8FDC-42A3-9474-1A3956D46DE8}") = "AN - Advanced Business Development with .NET", "AN - Advanced Business Development with .NET", "{7136345D-A77B-8A9D-7058-184459BC430E}"
EndProject
Project("{2150E333-8FDC-42A3-9474-1A3956D46DE8}") = "Curso C#", "Curso C#", "{06666220-7212-CAB7-6845-1F468BBAFCE2}"
EndProject
Project("{2150E333-8FDC-42A3-9474-1A3956D46DE8}") = "aula7", "aula7", "{CEEB0321-2376-D11F-C736-46B7BF92E9E9}"
EndProject
Project("{FAE04EC0-301F-11D3-BF4B-00C04F79EFBC}") = "TestProject", "AN - Advanced Business Development with .NET\Curso C#\aula7\TestProject\TestProject.csproj", "{CB828023-484A-C548-D0E0-D39E409A7B4E}"
EndProject
Global
	GlobalSection(SolutionConfigurationPlatforms) = preSolution
		Debug|Any CPU = Debug|Any CPU
		Release|Any CPU = Release|Any CPU
	EndGlobalSection
	GlobalSection(ProjectConfigurationPlatforms) = postSolution
		{CB828023-484A-C548-D0E0-D39E409A7B4E}.Debug|Any CPU.ActiveCfg = Debug|Any CPU
		{CB828023-484A-C548-D0E0-D39E409A7B4E}.Debug|Any CPU.Build.0 = Debug|Any CPU
		{CB828023-484A-C548-D0E0-D39E409A7B4E}.Release|Any CPU.ActiveCfg = Release|Any CPU
		{CB828023-484A-C548-D0E0-D39E409A7B4E}.Release|Any CPU.Build.0 = Release|Any CPU
	EndGlobalSection
	GlobalSection(SolutionProperties) = preSolution
		HideSolutionNode = FALSE
	EndGlobalSection
	GlobalSection(NestedProjects) = preSolution
		{06666220-7212-CAB7-6845-1F468BBAFCE2} = {7136345D-A77B-8A9D-7058-184459BC430E}
		{CEEB0321-2376-D11F-C736-46B7BF92E9E9} = {06666220-7212-CAB7-6845-1F468BBAFCE2}
		{CB828023-484A-C548-D0E0-D39E409A7B4E} = {CEEB0321-2376-D11F-C736-46B7BF92E9E9}
	EndGlobalSection
	GlobalSection(ExtensibilityGlobals) = postSolution
		SolutionGuid = {A38E72C8-20FD-4A6E-AF83-829A348E93C7}
	EndGlobalSection
EndGlobal
