Microsoft Visual Studio Solution File, Format Version 12.00
# Visual Studio Version 17
VisualStudioVersion = 17.5.2.0
MinimumVisualStudioVersion = 10.0.40219.1
Project("{FAE04EC0-301F-11D3-BF4B-00C04F79EFBC}") = "TestProjec", "TestProjec\TestProjec.csproj", "{677B40D3-3ABE-F731-E084-C6F0F9889E17}"
EndProject
Global
	GlobalSection(SolutionConfigurationPlatforms) = preSolution
		Debug|Any CPU = Debug|Any CPU
		Release|Any CPU = Release|Any CPU
	EndGlobalSection
	GlobalSection(ProjectConfigurationPlatforms) = postSolution
		{677B40D3-3ABE-F731-E084-C6F0F9889E17}.Debug|Any CPU.ActiveCfg = Debug|Any CPU
		{677B40D3-3ABE-F731-E084-C6F0F9889E17}.Debug|Any CPU.Build.0 = Debug|Any CPU
		{677B40D3-3ABE-F731-E084-C6F0F9889E17}.Release|Any CPU.ActiveCfg = Release|Any CPU
		{677B40D3-3ABE-F731-E084-C6F0F9889E17}.Release|Any CPU.Build.0 = Release|Any CPU
	EndGlobalSection
	GlobalSection(SolutionProperties) = preSolution
		HideSolutionNode = FALSE
	EndGlobalSection
	GlobalSection(ExtensibilityGlobals) = postSolution
		SolutionGuid = {19D7B88E-35A9-40A3-8B4A-0EBBDAA726DF}
	EndGlobalSection
EndGlobal
